// !$*UTF8*$!
{
	archiveVersion = 1;
	classes = {
	};
	objectVersion = 77;
	objects = {

/* Begin PBXBuildFile section */
		664E07C72FB0D81D0073DC99 /* Rentory App Icon.icon in Resources */ = {isa = PBXBuildFile; fileRef = 664E07C62FB0D81D0073DC99 /* Rentory App Icon.icon */; };
		664E07C82FB0D81D0073DC99 /* Rentory App Icon.icon in Resources */ = {isa = PBXBuildFile; fileRef = 664E07C62FB0D81D0073DC99 /* Rentory App Icon.icon */; };
		664E07C92FB0D81D0073DC99 /* Rentory App Icon.icon in Resources */ = {isa = PBXBuildFile; fileRef = 664E07C62FB0D81D0073DC99 /* Rentory App Icon.icon */; };
		6691EEC42FA67181006FC53C /* StoreKit.framework in Frameworks */ = {isa = PBXBuildFile; fileRef = 6691EEC32FA67181006FC53C /* StoreKit.framework */; };
		66D4F2112FB1000000EA887C /* Rentory.storekit in Resources */ = {isa = PBXBuildFile; fileRef = 66C91F7E2FAAA38000EA887C /* Rentory.storekit */; };
		77AABB010100000000000008 /* RentoryWidgets.appex in Embed Foundation Extensions */ = {isa = PBXBuildFile; fileRef = 77AABB010100000000000001 /* RentoryWidgets.appex */; settings = {ATTRIBUTES = (RemoveHeadersOnCopy, ); }; };
		88BBCC020200000000000008 /* RentoryWatch.app in Embed Watch Content */ = {isa = PBXBuildFile; fileRef = 88BBCC020200000000000001 /* RentoryWatch.app */; platformFilter = ios; settings = {ATTRIBUTES = (RemoveHeadersOnCopy, ); }; };
		99CCDD030300000000000008 /* RentoryWatchComplications.appex in Embed Foundation Extensions */ = {isa = PBXBuildFile; fileRef = 99CCDD030300000000000001 /* RentoryWatchComplications.appex */; settings = {ATTRIBUTES = (RemoveHeadersOnCopy, ); }; };
		AABBCC040400000000000001 /* Rentory App Icon.icon in Resources */ = {isa = PBXBuildFile; fileRef = 664E07C62FB0D81D0073DC99 /* Rentory App Icon.icon */; };
/* End PBXBuildFile section */

/* Begin PBXContainerItemProxy section */
		6691EBDE2FA3DC06006FC53C /* PBXContainerItemProxy */ = {
			isa = PBXContainerItemProxy;
			containerPortal = 6691EBC62FA3DC04006FC53C /* Project object */;
			proxyType = 1;
			remoteGlobalIDString = 6691EBCD2FA3DC04006FC53C;
			remoteInfo = Rentory;
		};
		6691EBE82FA3DC06006FC53C /* PBXContainerItemProxy */ = {
			isa = PBXContainerItemProxy;
			containerPortal = 6691EBC62FA3DC04006FC53C /* Project object */;
			proxyType = 1;
			remoteGlobalIDString = 6691EBCD2FA3DC04006FC53C;
			remoteInfo = Rentory;
		};
		77AABB010100000000000009 /* PBXContainerItemProxy */ = {
			isa = PBXContainerItemProxy;
			containerPortal = 6691EBC62FA3DC04006FC53C /* Project object */;
			proxyType = 1;
			remoteGlobalIDString = 77AABB010100000000000002;
			remoteInfo = RentoryWidgets;
		};
		88BBCC020200000000000009 /* PBXContainerItemProxy */ = {
			isa = PBXContainerItemProxy;
			containerPortal = 6691EBC62FA3DC04006FC53C /* Project object */;
			proxyType = 1;
			remoteGlobalIDString = 88BBCC020200000000000002;
			remoteInfo = RentoryWatch;
		};
		99CCDD030300000000000009 /* PBXContainerItemProxy */ = {
			isa = PBXContainerItemProxy;
			containerPortal = 6691EBC62FA3DC04006FC53C /* Project object */;
			proxyType = 1;
			remoteGlobalIDString = 99CCDD030300000000000002;
			remoteInfo = RentoryWatchComplications;
		};
/* End PBXContainerItemProxy section */

/* Begin PBXCopyFilesBuildPhase section */
		77AABB010100000000000007 /* Embed Foundation Extensions */ = {
			isa = PBXCopyFilesBuildPhase;
			buildActionMask = 2147483647;
			dstPath = "";
			dstSubfolderSpec = 13;
			files = (
				77AABB010100000000000008 /* RentoryWidgets.appex in Embed Foundation Extensions */,
			);
			name = "Embed Foundation Extensions";
			runOnlyForDeploymentPostprocessing = 0;
		};
		88BBCC020200000000000007 /* Embed Watch Content */ = {
			isa = PBXCopyFilesBuildPhase;
			buildActionMask = 2147483647;
			dstPath = "$(CONTENTS_FOLDER_PATH)/Watch";
			dstSubfolderSpec = 16;
			files = (
				88BBCC020200000000000008 /* RentoryWatch.app in Embed Watch Content */,
			);
			name = "Embed Watch Content";
			runOnlyForDeploymentPostprocessing = 0;
		};
		99CCDD030300000000000007 /* Embed Foundation Extensions */ = {
			isa = PBXCopyFilesBuildPhase;
			buildActionMask = 2147483647;
			dstPath = "";
			dstSubfolderSpec = 13;
			files = (
				99CCDD030300000000000008 /* RentoryWatchComplications.appex in Embed Foundation Extensions */,
			);
			name = "Embed Foundation Extensions";
			runOnlyForDeploymentPostprocessing = 0;
		};
/* End PBXCopyFilesBuildPhase section */

/* Begin PBXFileReference section */
		664E07C62FB0D81D0073DC99 /* Rentory App Icon.icon */ = {isa = PBXFileReference; lastKnownFileType = folder.iconcomposer.icon; path = "Rentory App Icon.icon"; sourceTree = "<group>"; };
		6691EBCE2FA3DC04006FC53C /* Rentory.app */ = {isa = PBXFileReference; explicitFileType = wrapper.application; includeInIndex = 0; path = Rentory.app; sourceTree = BUILT_PRODUCTS_DIR; };
		6691EBDD2FA3DC06006FC53C /* RentoryTests.xctest */ = {isa = PBXFileReference; explicitFileType = wrapper.cfbundle; includeInIndex = 0; path = RentoryTests.xctest; sourceTree = BUILT_PRODUCTS_DIR; };
		6691EBE72FA3DC06006FC53C /* RentoryUITests.xctest */ = {isa = PBXFileReference; explicitFileType = wrapper.cfbundle; includeInIndex = 0; path = RentoryUITests.xctest; sourceTree = BUILT_PRODUCTS_DIR; };
		6691EEC32FA67181006FC53C /* StoreKit.framework */ = {isa = PBXFileReference; lastKnownFileType = wrapper.framework; name = StoreKit.framework; path = System/Library/Frameworks/StoreKit.framework; sourceTree = SDKROOT; };
		66C91F7E2FAAA38000EA887C /* Rentory.storekit */ = {isa = PBXFileReference; lastKnownFileType = text; path = Rentory.storekit; sourceTree = "<group>"; };
		77AABB010100000000000001 /* RentoryWidgets.appex */ = {isa = PBXFileReference; explicitFileType = "wrapper.app-extension"; includeInIndex = 0; path = RentoryWidgets.appex; sourceTree = BUILT_PRODUCTS_DIR; };
		88BBCC020200000000000001 /* RentoryWatch.app */ = {isa = PBXFileReference; explicitFileType = wrapper.application; includeInIndex = 0; path = RentoryWatch.app; sourceTree = BUILT_PRODUCTS_DIR; };
		99CCDD030300000000000001 /* RentoryWatchComplications.appex */ = {isa = PBXFileReference; explicitFileType = "wrapper.app-extension"; includeInIndex = 0; path = RentoryWatchComplications.appex; sourceTree = BUILT_PRODUCTS_DIR; };
/* End PBXFileReference section */

/* Begin PBXFileSystemSynchronizedBuildFileExceptionSet section */
		77AABB01010000000000000E /* Exceptions for "RentoryWidgets" folder in "RentoryWidgets" target */ = {
			isa = PBXFileSystemSynchronizedBuildFileExceptionSet;
			membershipExceptions = (
				Info.plist,
			);
			target = 77AABB010100000000000002 /* RentoryWidgets */;
		};
		88BBCC02020000000000000E /* Exceptions for "RentoryWatch" folder in "RentoryWatch" target */ = {
			isa = PBXFileSystemSynchronizedBuildFileExceptionSet;
			membershipExceptions = (
				Info.plist,
			);
			target = 88BBCC020200000000000002 /* RentoryWatch */;
		};
		99CCDD03030000000000000E /* Exceptions for "RentoryWatchComplications" folder in "RentoryWatchComplications" target */ = {
			isa = PBXFileSystemSynchronizedBuildFileExceptionSet;
			membershipExceptions = (
				Info.plist,
			);
			target = 99CCDD030300000000000002 /* RentoryWatchComplications */;
		};
		AABBCC04040000000000000E /* Exceptions for "Rentory" folder in "Rentory" target */ = {
			isa = PBXFileSystemSynchronizedBuildFileExceptionSet;
			membershipExceptions = (
				Configuration/RentoryLocalConfig.swift.example,
			);
			target = 6691EBCD2FA3DC04006FC53C /* Rentory */;
		};
/* End PBXFileSystemSynchronizedBuildFileExceptionSet section */

/* Begin PBXFileSystemSynchronizedRootGroup section */
		6691EBD02FA3DC04006FC53C /* Rentory */ = {
			isa = PBXFileSystemSynchronizedRootGroup;
			exceptions = (
				AABBCC04040000000000000E /* Exceptions for "Rentory" folder in "Rentory" target */,
			);
			path = Rentory;
			sourceTree = "<group>";
		};
		6691EBE02FA3DC06006FC53C /* RentoryTests */ = {
			isa = PBXFileSystemSynchronizedRootGroup;
			path = RentoryTests;
			sourceTree = "<group>";
		};
		6691EBEA2FA3DC06006FC53C /* RentoryUITests */ = {
			isa = PBXFileSystemSynchronizedRootGroup;
			path = RentoryUITests;
			sourceTree = "<group>";
		};
		77AABB010100000000000003 /* RentoryWidgets */ = {
			isa = PBXFileSystemSynchronizedRootGroup;
			exceptions = (
				77AABB01010000000000000E /* Exceptions for "RentoryWidgets" folder in "RentoryWidgets" target */,
			);
			path = RentoryWidgets;
			sourceTree = "<group>";
		};
		88BBCC020200000000000003 /* RentoryWatch */ = {
			isa = PBXFileSystemSynchronizedRootGroup;
			exceptions = (
				88BBCC02020000000000000E /* Exceptions for "RentoryWatch" folder in "RentoryWatch" target */,
			);
			path = RentoryWatch;
			sourceTree = "<group>";
		};
		99CCDD030300000000000003 /* RentoryWatchComplications */ = {
			isa = PBXFileSystemSynchronizedRootGroup;
			exceptions = (
				99CCDD03030000000000000E /* Exceptions for "RentoryWatchComplications" folder in "RentoryWatchComplications" target */,
			);
			path = RentoryWatchComplications;
			sourceTree = "<group>";
		};
/* End PBXFileSystemSynchronizedRootGroup section */

/* Begin PBXFrameworksBuildPhase section */
		6691EBCB2FA3DC04006FC53C /* Frameworks */ = {
			isa = PBXFrameworksBuildPhase;
			buildActionMask = 2147483647;
			files = (
				6691EEC42FA67181006FC53C /* StoreKit.framework in Frameworks */,
			);
			runOnlyForDeploymentPostprocessing = 0;
		};
		6691EBDA2FA3DC06006FC53C /* Frameworks */ = {
			isa = PBXFrameworksBuildPhase;
			buildActionMask = 2147483647;
			files = (
			);
			runOnlyForDeploymentPostprocessing = 0;
		};
		6691EBE42FA3DC06006FC53C /* Frameworks */ = {
			isa = PBXFrameworksBuildPhase;
			buildActionMask = 2147483647;
			files = (
			);
			runOnlyForDeploymentPostprocessing = 0;
		};
		77AABB010100000000000005 /* Frameworks */ = {
			isa = PBXFrameworksBuildPhase;
			buildActionMask = 2147483647;
			files = (
			);
			runOnlyForDeploymentPostprocessing = 0;
		};
		88BBCC020200000000000005 /* Frameworks */ = {
			isa = PBXFrameworksBuildPhase;
			buildActionMask = 2147483647;
			files = (
			);
			runOnlyForDeploymentPostprocessing = 0;
		};
		99CCDD030300000000000005 /* Frameworks */ = {
			isa = PBXFrameworksBuildPhase;
			buildActionMask = 2147483647;
			files = (
			);
			runOnlyForDeploymentPostprocessing = 0;
		};
/* End PBXFrameworksBuildPhase section */

/* Begin PBXGroup section */
		6691EBC52FA3DC04006FC53C = {
			isa = PBXGroup;
			children = (
				664E07C62FB0D81D0073DC99 /* Rentory App Icon.icon */,
				66C91F7E2FAAA38000EA887C /* Rentory.storekit */,
				6691EBD02FA3DC04006FC53C /* Rentory */,
				6691EBE02FA3DC06006FC53C /* RentoryTests */,
				6691EBEA2FA3DC06006FC53C /* RentoryUITests */,
				77AABB010100000000000003 /* RentoryWidgets */,
				88BBCC020200000000000003 /* RentoryWatch */,
				99CCDD030300000000000003 /* RentoryWatchComplications */,
				6691EEC22FA67181006FC53C /* Frameworks */,
				6691EBCF2FA3DC04006FC53C /* Products */,
			);
			sourceTree = "<group>";
		};
		6691EBCF2FA3DC04006FC53C /* Products */ = {
			isa = PBXGroup;
			children = (
				6691EBCE2FA3DC04006FC53C /* Rentory.app */,
				6691EBDD2FA3DC06006FC53C /* RentoryTests.xctest */,
				6691EBE72FA3DC06006FC53C /* RentoryUITests.xctest */,
				77AABB010100000000000001 /* RentoryWidgets.appex */,
				88BBCC020200000000000001 /* RentoryWatch.app */,
				99CCDD030300000000000001 /* RentoryWatchComplications.appex */,
			);
			name = Products;
			sourceTree = "<group>";
		};
		6691EEC22FA67181006FC53C /* Frameworks */ = {
			isa = PBXGroup;
			children = (
				6691EEC32FA67181006FC53C /* StoreKit.framework */,
			);
			name = Frameworks;
			sourceTree = "<group>";
		};
/* End PBXGroup section */

/* Begin PBXNativeTarget section */
		6691EBCD2FA3DC04006FC53C /* Rentory */ = {
			isa = PBXNativeTarget;
			buildConfigurationList = 6691EBF12FA3DC06006FC53C /* Build configuration list for PBXNativeTarget "Rentory" */;
			buildPhases = (
				6691EBCA2FA3DC04006FC53C /* Sources */,
				6691EBCB2FA3DC04006FC53C /* Frameworks */,
				6691EBCC2FA3DC04006FC53C /* Resources */,
				77AABB010100000000000007 /* Embed Foundation Extensions */,
				88BBCC020200000000000007 /* Embed Watch Content */,
			);
			buildRules = (
			);
			dependencies = (
				77AABB01010000000000000A /* PBXTargetDependency */,
				88BBCC02020000000000000A /* PBXTargetDependency */,
			);
			fileSystemSynchronizedGroups = (
				6691EBD02FA3DC04006FC53C /* Rentory */,
			);
			name = Rentory;
			packageProductDependencies = (
			);
			productName = Rentory;
			productReference = 6691EBCE2FA3DC04006FC53C /* Rentory.app */;
			productType = "com.apple.product-type.application";
		};
		6691EBDC2FA3DC06006FC53C /* RentoryTests */ = {
			isa = PBXNativeTarget;
			buildConfigurationList = 6691EBF42FA3DC06006FC53C /* Build configuration list for PBXNativeTarget "RentoryTests" */;
			buildPhases = (
				6691EBD92FA3DC06006FC53C /* Sources */,
				6691EBDA2FA3DC06006FC53C /* Frameworks */,
				6691EBDB2FA3DC06006FC53C /* Resources */,
			);
			buildRules = (
			);
			dependencies = (
				6691EBDF2FA3DC06006FC53C /* PBXTargetDependency */,
			);
			fileSystemSynchronizedGroups = (
				6691EBE02FA3DC06006FC53C /* RentoryTests */,
			);
			name = RentoryTests;
			packageProductDependencies = (
			);
			productName = RentoryTests;
			productReference = 6691EBDD2FA3DC06006FC53C /* RentoryTests.xctest */;
			productType = "com.apple.product-type.bundle.unit-test";
		};
		6691EBE62FA3DC06006FC53C /* RentoryUITests */ = {
			isa = PBXNativeTarget;
			buildConfigurationList = 6691EBF72FA3DC06006FC53C /* Build configuration list for PBXNativeTarget "RentoryUITests" */;
			buildPhases = (
				6691EBE32FA3DC06006FC53C /* Sources */,
				6691EBE42FA3DC06006FC53C /* Frameworks */,
				6691EBE52FA3DC06006FC53C /* Resources */,
			);
			buildRules = (
			);
			dependencies = (
				6691EBE92FA3DC06006FC53C /* PBXTargetDependency */,
			);
			fileSystemSynchronizedGroups = (
				6691EBEA2FA3DC06006FC53C /* RentoryUITests */,
			);
			name = RentoryUITests;
			packageProductDependencies = (
			);
			productName = RentoryUITests;
			productReference = 6691EBE72FA3DC06006FC53C /* RentoryUITests.xctest */;
			productType = "com.apple.product-type.bundle.ui-testing";
		};
		77AABB010100000000000002 /* RentoryWidgets */ = {
			isa = PBXNativeTarget;
			buildConfigurationList = 77AABB01010000000000000D /* Build configuration list for PBXNativeTarget "RentoryWidgets" */;
			buildPhases = (
				77AABB010100000000000004 /* Sources */,
				77AABB010100000000000005 /* Frameworks */,
				77AABB010100000000000006 /* Resources */,
			);
			buildRules = (
			);
			dependencies = (
			);
			fileSystemSynchronizedGroups = (
				77AABB010100000000000003 /* RentoryWidgets */,
			);
			name = RentoryWidgets;
			packageProductDependencies = (
			);
			productName = RentoryWidgets;
			productReference = 77AABB010100000000000001 /* RentoryWidgets.appex */;
			productType = "com.apple.product-type.app-extension";
		};
		88BBCC020200000000000002 /* RentoryWatch */ = {
			isa = PBXNativeTarget;
			buildConfigurationList = 88BBCC02020000000000000D /* Build configuration list for PBXNativeTarget "RentoryWatch" */;
			buildPhases = (
				88BBCC020200000000000004 /* Sources */,
				88BBCC020200000000000005 /* Frameworks */,
				88BBCC020200000000000006 /* Resources */,
				99CCDD030300000000000007 /* Embed Foundation Extensions */,
			);
			buildRules = (
			);
			dependencies = (
				99CCDD03030000000000000A /* PBXTargetDependency */,
			);
			fileSystemSynchronizedGroups = (
				88BBCC020200000000000003 /* RentoryWatch */,
			);
			name = RentoryWatch;
			packageProductDependencies = (
			);
			productName = RentoryWatch;
			productReference = 88BBCC020200000000000001 /* RentoryWatch.app */;
			productType = "com.apple.product-type.application";
		};
		99CCDD030300000000000002 /* RentoryWatchComplications */ = {
			isa = PBXNativeTarget;
			buildConfigurationList = 99CCDD03030000000000000D /* Build configuration list for PBXNativeTarget "RentoryWatchComplications" */;
			buildPhases = (
				99CCDD030300000000000004 /* Sources */,
				99CCDD030300000000000005 /* Frameworks */,
				99CCDD030300000000000006 /* Resources */,
			);
			buildRules = (
			);
			dependencies = (
			);
			fileSystemSynchronizedGroups = (
				99CCDD030300000000000003 /* RentoryWatchComplications */,
			);
			name = RentoryWatchComplications;
			packageProductDependencies = (
			);
			productName = RentoryWatchComplications;
			productReference = 99CCDD030300000000000001 /* RentoryWatchComplications.appex */;
			productType = "com.apple.product-type.app-extension";
		};
/* End PBXNativeTarget section */

/* Begin PBXProject section */
		6691EBC62FA3DC04006FC53C /* Project object */ = {
			isa = PBXProject;
			attributes = {
				BuildIndependentTargetsInParallel = 1;
				LastSwiftUpdateCheck = 2640;
				LastUpgradeCheck = 2650;
				TargetAttributes = {
					6691EBCD2FA3DC04006FC53C = {
						CreatedOnToolsVersion = 26.4.1;
					};
					6691EBDC2FA3DC06006FC53C = {
						CreatedOnToolsVersion = 26.4.1;
						TestTargetID = 6691EBCD2FA3DC04006FC53C;
					};
					6691EBE62FA3DC06006FC53C = {
						CreatedOnToolsVersion = 26.4.1;
						TestTargetID = 6691EBCD2FA3DC04006FC53C;
					};
					77AABB010100000000000002 = {
						CreatedOnToolsVersion = 26.4.1;
					};
					88BBCC020200000000000002 = {
						CreatedOnToolsVersion = 26.4.1;
					};
					99CCDD030300000000000002 = {
						CreatedOnToolsVersion = 26.4.1;
					};
				};
			};
			buildConfigurationList = 6691EBC92FA3DC04006FC53C /* Build configuration list for PBXProject "Rentory" */;
			developmentRegion = "en-GB";
			hasScannedForEncodings = 0;
			knownRegions = (
				"en-GB",
				en,
				Base,
			);
			mainGroup = 6691EBC52FA3DC04006FC53C;
			minimizedProjectReferenceProxies = 1;
			preferredProjectObjectVersion = 77;
			productRefGroup = 6691EBCF2FA3DC04006FC53C /* Products */;
			projectDirPath = "";
			projectRoot = "";
			targets = (
				6691EBCD2FA3DC04006FC53C /* Rentory */,
				6691EBDC2FA3DC06006FC53C /* RentoryTests */,
				6691EBE62FA3DC06006FC53C /* RentoryUITests */,
				77AABB010100000000000002 /* RentoryWidgets */,
				88BBCC020200000000000002 /* RentoryWatch */,
				99CCDD030300000000000002 /* RentoryWatchComplications */,
			);
		};
/* End PBXProject section */

/* Begin PBXResourcesBuildPhase section */
		6691EBCC2FA3DC04006FC53C /* Resources */ = {
			isa = PBXResourcesBuildPhase;
			buildActionMask = 2147483647;
			files = (
				66D4F2112FB1000000EA887C /* Rentory.storekit in Resources */,
				664E07C92FB0D81D0073DC99 /* Rentory App Icon.icon in Resources */,
			);
			runOnlyForDeploymentPostprocessing = 0;
		};
		6691EBDB2FA3DC06006FC53C /* Resources */ = {
			isa = PBXResourcesBuildPhase;
			buildActionMask = 2147483647;
			files = (
				664E07C82FB0D81D0073DC99 /* Rentory App Icon.icon in Resources */,
			);
			runOnlyForDeploymentPostprocessing = 0;
		};
		6691EBE52FA3DC06006FC53C /* Resources */ = {
			isa = PBXResourcesBuildPhase;
			buildActionMask = 2147483647;
			files = (
				664E07C72FB0D81D0073DC99 /* Rentory App Icon.icon in Resources */,
			);
			runOnlyForDeploymentPostprocessing = 0;
		};
		77AABB010100000000000006 /* Resources */ = {
			isa = PBXResourcesBuildPhase;
			buildActionMask = 2147483647;
			files = (
			);
			runOnlyForDeploymentPostprocessing = 0;
		};
		88BBCC020200000000000006 /* Resources */ = {
			isa = PBXResourcesBuildPhase;
			buildActionMask = 2147483647;
			files = (
				AABBCC040400000000000001 /* Rentory App Icon.icon in Resources */,
			);
			runOnlyForDeploymentPostprocessing = 0;
		};
		99CCDD030300000000000006 /* Resources */ = {
			isa = PBXResourcesBuildPhase;
			buildActionMask = 2147483647;
			files = (
			);
			runOnlyForDeploymentPostprocessing = 0;
		};
/* End PBXResourcesBuildPhase section */

/* Begin PBXSourcesBuildPhase section */
		6691EBCA2FA3DC04006FC53C /* Sources */ = {
			isa = PBXSourcesBuildPhase;
			buildActionMask = 2147483647;
			files = (
			);
			runOnlyForDeploymentPostprocessing = 0;
		};
		6691EBD92FA3DC06006FC53C /* Sources */ = {
			isa = PBXSourcesBuildPhase;
			buildActionMask = 2147483647;
			files = (
			);
			runOnlyForDeploymentPostprocessing = 0;
		};
		6691EBE32FA3DC06006FC53C /* Sources */ = {
			isa = PBXSourcesBuildPhase;
			buildActionMask = 2147483647;
			files = (
			);
			runOnlyForDeploymentPostprocessing = 0;
		};
		77AABB010100000000000004 /* Sources */ = {
			isa = PBXSourcesBuildPhase;
			buildActionMask = 2147483647;
			files = (
			);
			runOnlyForDeploymentPostprocessing = 0;
		};
		88BBCC020200000000000004 /* Sources */ = {
			isa = PBXSourcesBuildPhase;
			buildActionMask = 2147483647;
			files = (
			);
			runOnlyForDeploymentPostprocessing = 0;
		};
		99CCDD030300000000000004 /* Sources */ = {
			isa = PBXSourcesBuildPhase;
			buildActionMask = 2147483647;
			files = (
			);
			runOnlyForDeploymentPostprocessing = 0;
		};
/* End PBXSourcesBuildPhase section */

/* Begin PBXTargetDependency section */
		6691EBDF2FA3DC06006FC53C /* PBXTargetDependency */ = {
			isa = PBXTargetDependency;
			target = 6691EBCD2FA3DC04006FC53C /* Rentory */;
			targetProxy = 6691EBDE2FA3DC06006FC53C /* PBXContainerItemProxy */;
		};
		6691EBE92FA3DC06006FC53C /* PBXTargetDependency */ = {
			isa = PBXTargetDependency;
			target = 6691EBCD2FA3DC04006FC53C /* Rentory */;
			targetProxy = 6691EBE82FA3DC06006FC53C /* PBXContainerItemProxy */;
		};
		77AABB01010000000000000A /* PBXTargetDependency */ = {
			isa = PBXTargetDependency;
			target = 77AABB010100000000000002 /* RentoryWidgets */;
			targetProxy = 77AABB010100000000000009 /* PBXContainerItemProxy */;
		};
		88BBCC02020000000000000A /* PBXTargetDependency */ = {
			isa = PBXTargetDependency;
			platformFilter = ios;
			target = 88BBCC020200000000000002 /* RentoryWatch */;
			targetProxy = 88BBCC020200000000000009 /* PBXContainerItemProxy */;
		};
		99CCDD03030000000000000A /* PBXTargetDependency */ = {
			isa = PBXTargetDependency;
			target = 99CCDD030300000000000002 /* RentoryWatchComplications */;
			targetProxy = 99CCDD030300000000000009 /* PBXContainerItemProxy */;
		};
/* End PBXTargetDependency section */

/* Begin XCBuildConfiguration section */
		6691EBEF2FA3DC06006FC53C /* Debug */ = {
			isa = XCBuildConfiguration;
			buildSettings = {
				ALWAYS_SEARCH_USER_PATHS = NO;
				ASSETCATALOG_COMPILER_GENERATE_SWIFT_ASSET_SYMBOL_EXTENSIONS = YES;
				CLANG_ANALYZER_LOCALIZABILITY_NONLOCALIZED = YES;
				CLANG_ANALYZER_NONNULL = YES;
				CLANG_ANALYZER_NUMBER_OBJECT_CONVERSION = YES_AGGRESSIVE;
				CLANG_CXX_LANGUAGE_STANDARD = "gnu++20";
				CLANG_ENABLE_MODULES = YES;
				CLANG_ENABLE_OBJC_ARC = YES;
				CLANG_ENABLE_OBJC_WEAK = YES;
				CLANG_WARN_BLOCK_CAPTURE_AUTORELEASING = YES;
				CLANG_WARN_BOOL_CONVERSION = YES;
				CLANG_WARN_COMMA = YES;
				CLANG_WARN_CONSTANT_CONVERSION = YES;
				CLANG_WARN_DEPRECATED_OBJC_IMPLEMENTATIONS = YES;
				CLANG_WARN_DIRECT_OBJC_ISA_USAGE = YES_ERROR;
				CLANG_WARN_DOCUMENTATION_COMMENTS = YES;
				CLANG_WARN_EMPTY_BODY = YES;
				CLANG_WARN_ENUM_CONVERSION = YES;
				CLANG_WARN_INFINITE_RECURSION = YES;
				CLANG_WARN_INT_CONVERSION = YES;
				CLANG_WARN_NON_LITERAL_NULL_CONVERSION = YES;
				CLANG_WARN_OBJC_IMPLICIT_RETAIN_SELF = YES;
				CLANG_WARN_OBJC_LITERAL_CONVERSION = YES;
				CLANG_WARN_OBJC_ROOT_CLASS = YES_ERROR;
				CLANG_WARN_QUOTED_INCLUDE_IN_FRAMEWORK_HEADER = YES;
				CLANG_WARN_RANGE_LOOP_ANALYSIS = YES;
				CLANG_WARN_STRICT_PROTOTYPES = YES;
				CLANG_WARN_SUSPICIOUS_MOVE = YES;
				CLANG_WARN_UNGUARDED_AVAILABILITY = YES_AGGRESSIVE;
				CLANG_WARN_UNREACHABLE_CODE = YES;
				CLANG_WARN__DUPLICATE_METHOD_MATCH = YES;
				COPY_PHASE_STRIP = NO;
				DEAD_CODE_STRIPPING = YES;
				DEBUG_INFORMATION_FORMAT = dwarf;
				DEVELOPMENT_TEAM = 8RUSX2C6R9;
				ENABLE_STRICT_OBJC_MSGSEND = YES;
				ENABLE_TESTABILITY = YES;
				ENABLE_USER_SCRIPT_SANDBOXING = YES;
				GCC_C_LANGUAGE_STANDARD = gnu17;
				GCC_DYNAMIC_NO_PIC = NO;
				GCC_NO_COMMON_BLOCKS = YES;
				GCC_OPTIMIZATION_LEVEL = 0;
				GCC_PREPROCESSOR_DEFINITIONS = (
					"DEBUG=1",
					"$(inherited)",
				);
				GCC_WARN_64_TO_32_BIT_CONVERSION = YES;
				GCC_WARN_ABOUT_RETURN_TYPE = YES_ERROR;
				GCC_WARN_UNDECLARED_SELECTOR = YES;
				GCC_WARN_UNINITIALIZED_AUTOS = YES_AGGRESSIVE;
				GCC_WARN_UNUSED_FUNCTION = YES;
				GCC_WARN_UNUSED_VARIABLE = YES;
				LOCALIZATION_PREFERS_STRING_CATALOGS = YES;
				MTL_ENABLE_DEBUG_INFO = INCLUDE_SOURCE;
				MTL_FAST_MATH = YES;
				ONLY_ACTIVE_ARCH = YES;
				STRING_CATALOG_GENERATE_SYMBOLS = YES;
				SWIFT_ACTIVE_COMPILATION_CONDITIONS = "DEBUG $(inherited)";
				SWIFT_OPTIMIZATION_LEVEL = "-Onone";
			};
			name = Debug;
		};
		6691EBF02FA3DC06006FC53C /* Release */ = {
			isa = XCBuildConfiguration;
			buildSettings = {
				ALWAYS_SEARCH_USER_PATHS = NO;
				ASSETCATALOG_COMPILER_GENERATE_SWIFT_ASSET_SYMBOL_EXTENSIONS = YES;
				CLANG_ANALYZER_LOCALIZABILITY_NONLOCALIZED = YES;
				CLANG_ANALYZER_NONNULL = YES;
				CLANG_ANALYZER_NUMBER_OBJECT_CONVERSION = YES_AGGRESSIVE;
				CLANG_CXX_LANGUAGE_STANDARD = "gnu++20";
				CLANG_ENABLE_MODULES = YES;
				CLANG_ENABLE_OBJC_ARC = YES;
				CLANG_ENABLE_OBJC_WEAK = YES;
				CLANG_WARN_BLOCK_CAPTURE_AUTORELEASING = YES;
				CLANG_WARN_BOOL_CONVERSION = YES;
				CLANG_WARN_COMMA = YES;
				CLANG_WARN_CONSTANT_CONVERSION = YES;
				CLANG_WARN_DEPRECATED_OBJC_IMPLEMENTATIONS = YES;
				CLANG_WARN_DIRECT_OBJC_ISA_USAGE = YES_ERROR;
				CLANG_WARN_DOCUMENTATION_COMMENTS = YES;
				CLANG_WARN_EMPTY_BODY = YES;
				CLANG_WARN_ENUM_CONVERSION = YES;
				CLANG_WARN_INFINITE_RECURSION = YES;
				CLANG_WARN_INT_CONVERSION = YES;
				CLANG_WARN_NON_LITERAL_NULL_CONVERSION = YES;
				CLANG_WARN_OBJC_IMPLICIT_RETAIN_SELF = YES;
				CLANG_WARN_OBJC_LITERAL_CONVERSION = YES;
				CLANG_WARN_OBJC_ROOT_CLASS = YES_ERROR;
				CLANG_WARN_QUOTED_INCLUDE_IN_FRAMEWORK_HEADER = YES;
				CLANG_WARN_RANGE_LOOP_ANALYSIS = YES;
				CLANG_WARN_STRICT_PROTOTYPES = YES;
				CLANG_WARN_SUSPICIOUS_MOVE = YES;
				CLANG_WARN_UNGUARDED_AVAILABILITY = YES_AGGRESSIVE;
				CLANG_WARN_UNREACHABLE_CODE = YES;
				CLANG_WARN__DUPLICATE_METHOD_MATCH = YES;
				COPY_PHASE_STRIP = NO;
				DEAD_CODE_STRIPPING = YES;
				DEBUG_INFORMATION_FORMAT = "dwarf-with-dsym";
				DEVELOPMENT_TEAM = 8RUSX2C6R9;
				ENABLE_NS_ASSERTIONS = NO;
				ENABLE_STRICT_OBJC_MSGSEND = YES;
				ENABLE_USER_SCRIPT_SANDBOXING = YES;
				GCC_C_LANGUAGE_STANDARD = gnu17;
				GCC_NO_COMMON_BLOCKS = YES;
				GCC_WARN_64_TO_32_BIT_CONVERSION = YES;
				GCC_WARN_ABOUT_RETURN_TYPE = YES_ERROR;
				GCC_WARN_UNDECLARED_SELECTOR = YES;
				GCC_WARN_UNINITIALIZED_AUTOS = YES_AGGRESSIVE;
				GCC_WARN_UNUSED_FUNCTION = YES;
				GCC_WARN_UNUSED_VARIABLE = YES;
				LOCALIZATION_PREFERS_STRING_CATALOGS = YES;
				MTL_ENABLE_DEBUG_INFO = NO;
				MTL_FAST_MATH = YES;
				STRING_CATALOG_GENERATE_SYMBOLS = YES;
				SWIFT_COMPILATION_MODE = wholemodule;
			};
			name = Release;
		};
		6691EBF22FA3DC06006FC53C /* Debug */ = {
			isa = XCBuildConfiguration;
			buildSettings = {
				ASSETCATALOG_COMPILER_APPICON_NAME = "Rentory App Icon";
				ASSETCATALOG_COMPILER_GLOBAL_ACCENT_COLOR_NAME = AccentColor;
				ASSETCATALOG_COMPILER_INCLUDE_ALL_APPICON_ASSETS = YES;
				CODE_SIGN_ENTITLEMENTS = Rentory/Rentory.entitlements;
				CODE_SIGN_STYLE = Automatic;
				CURRENT_PROJECT_VERSION = 1;
				DEAD_CODE_STRIPPING = YES;
				DEVELOPMENT_TEAM = 8RUSX2C6R9;
				ENABLE_APP_SANDBOX = YES;
				ENABLE_HARDENED_RUNTIME = YES;
				ENABLE_INCOMING_NETWORK_CONNECTIONS = NO;
				ENABLE_OUTGOING_NETWORK_CONNECTIONS = NO;
				ENABLE_PREVIEWS = YES;
				ENABLE_RESOURCE_ACCESS_AUDIO_INPUT = NO;
				ENABLE_RESOURCE_ACCESS_BLUETOOTH = NO;
				ENABLE_RESOURCE_ACCESS_CALENDARS = YES;
				ENABLE_RESOURCE_ACCESS_CAMERA = NO;
				ENABLE_RESOURCE_ACCESS_CONTACTS = NO;
				ENABLE_RESOURCE_ACCESS_LOCATION = NO;
				ENABLE_RESOURCE_ACCESS_PRINTING = NO;
				ENABLE_RESOURCE_ACCESS_USB = NO;
				ENABLE_USER_SELECTED_FILES = readwrite;
				GENERATE_INFOPLIST_FILE = YES;
				INFOPLIST_KEY_CFBundleDisplayName = Rentory;
				INFOPLIST_KEY_ITSAppUsesNonExemptEncryption = NO;
				INFOPLIST_KEY_LSApplicationCategoryType = "public.app-category.lifestyle";
				INFOPLIST_KEY_NSCalendarsFullAccessUsageDescription = "Rentory keeps your reminders in a dedicated 'Rentory reminders' calendar when you turn on calendar mirror in Settings. It only manages that one calendar — it never changes your other events — and stays on your device.";
				"INFOPLIST_KEY_NSCalendarsFullAccessUsageDescription[sdk=iphoneos*]" = "Rentory keeps your reminders in a dedicated 'Rentory reminders' calendar when you turn on calendar mirror in Settings. It only manages that one calendar — it never changes your other events — and stays on your device.";
				"INFOPLIST_KEY_NSCalendarsFullAccessUsageDescription[sdk=iphonesimulator*]" = "Rentory keeps your reminders in a dedicated 'Rentory reminders' calendar when you turn on calendar mirror in Settings. It only manages that one calendar — it never changes your other events — and stays on your device.";
				INFOPLIST_KEY_NSCameraUsageDescription = "Rentory needs camera access when you choose to take a photo for your rental record.";
				"INFOPLIST_KEY_NSCameraUsageDescription[sdk=iphoneos*]" = "Rentory needs camera access when you choose to take a photo for your rental record.";
				"INFOPLIST_KEY_NSCameraUsageDescription[sdk=iphonesimulator*]" = "Rentory needs camera access when you choose to take a photo for your rental record.";
				INFOPLIST_KEY_NSFaceIDUsageDescription = "Rentory uses Face ID when you choose to lock the app.";
				"INFOPLIST_KEY_NSFaceIDUsageDescription[sdk=iphoneos*]" = "Rentory uses Face ID when you choose to lock the app.";
				"INFOPLIST_KEY_NSFaceIDUsageDescription[sdk=iphonesimulator*]" = "Rentory uses Face ID when you choose to lock the app.";
				INFOPLIST_KEY_NSPhotoLibraryUsageDescription = "Rentory needs photo access when you choose a photo for your rental record.";
				"INFOPLIST_KEY_NSPhotoLibraryUsageDescription[sdk=iphoneos*]" = "Rentory needs photo access when you choose a photo for your rental record.";
				"INFOPLIST_KEY_NSPhotoLibraryUsageDescription[sdk=iphonesimulator*]" = "Rentory needs photo access when you choose a photo for your rental record.";
				"INFOPLIST_KEY_UIApplicationSceneManifest_Generation[sdk=iphoneos*]" = YES;
				"INFOPLIST_KEY_UIApplicationSceneManifest_Generation[sdk=iphonesimulator*]" = YES;
				"INFOPLIST_KEY_UIApplicationSupportsIndirectInputEvents[sdk=iphoneos*]" = YES;
				"INFOPLIST_KEY_UIApplicationSupportsIndirectInputEvents[sdk=iphonesimulator*]" = YES;
				"INFOPLIST_KEY_UILaunchScreen_Generation[sdk=iphoneos*]" = YES;
				"INFOPLIST_KEY_UILaunchScreen_Generation[sdk=iphonesimulator*]" = YES;
				"INFOPLIST_KEY_UIStatusBarStyle[sdk=iphoneos*]" = UIStatusBarStyleDefault;
				"INFOPLIST_KEY_UIStatusBarStyle[sdk=iphonesimulator*]" = UIStatusBarStyleDefault;
				INFOPLIST_KEY_UISupportedInterfaceOrientations_iPad = "UIInterfaceOrientationPortrait UIInterfaceOrientationPortraitUpsideDown UIInterfaceOrientationLandscapeLeft UIInterfaceOrientationLandscapeRight";
				INFOPLIST_KEY_UISupportedInterfaceOrientations_iPhone = UIInterfaceOrientationPortrait;
				IPHONEOS_DEPLOYMENT_TARGET = 26.0;
				LD_RUNPATH_SEARCH_PATHS = "@executable_path/Frameworks";
				"LD_RUNPATH_SEARCH_PATHS[sdk=macosx*]" = "@executable_path/../Frameworks";
				MACOSX_DEPLOYMENT_TARGET = 26.0;
				MARKETING_VERSION = 1.00;
				PRODUCT_BUNDLE_IDENTIFIER = "Fusion-Studios.Rentory";
				PRODUCT_NAME = "$(TARGET_NAME)";
				REGISTER_APP_GROUPS = YES;
				SDKROOT = auto;
				STRING_CATALOG_GENERATE_SYMBOLS = YES;
				SUPPORTED_PLATFORMS = "iphoneos iphonesimulator macosx xros xrsimulator";
				SWIFT_APPROACHABLE_CONCURRENCY = YES;
				SWIFT_DEFAULT_ACTOR_ISOLATION = MainActor;
				SWIFT_EMIT_LOC_STRINGS = YES;
				SWIFT_UPCOMING_FEATURE_MEMBER_IMPORT_VISIBILITY = YES;
				SWIFT_VERSION = 5.0;
				TARGETED_DEVICE_FAMILY = "1,2,7";
				XROS_DEPLOYMENT_TARGET = 26.0;
			};
			name = Debug;
		};
		6691EBF32FA3DC06006FC53C /* Release */ = {
			isa = XCBuildConfiguration;
			buildSettings = {
				ASSETCATALOG_COMPILER_APPICON_NAME = "Rentory App Icon";
				ASSETCATALOG_COMPILER_GLOBAL_ACCENT_COLOR_NAME = AccentColor;
				ASSETCATALOG_COMPILER_INCLUDE_ALL_APPICON_ASSETS = YES;
				CODE_SIGN_ENTITLEMENTS = Rentory/Rentory.entitlements;
				CODE_SIGN_STYLE = Automatic;
				CURRENT_PROJECT_VERSION = 1;
				DEAD_CODE_STRIPPING = YES;
				DEVELOPMENT_TEAM = 8RUSX2C6R9;
				ENABLE_APP_SANDBOX = YES;
				ENABLE_HARDENED_RUNTIME = YES;
				ENABLE_INCOMING_NETWORK_CONNECTIONS = NO;
				ENABLE_OUTGOING_NETWORK_CONNECTIONS = NO;
				ENABLE_PREVIEWS = YES;
				ENABLE_RESOURCE_ACCESS_AUDIO_INPUT = NO;
				ENABLE_RESOURCE_ACCESS_BLUETOOTH = NO;
				ENABLE_RESOURCE_ACCESS_CALENDARS = YES;
				ENABLE_RESOURCE_ACCESS_CAMERA = NO;
				ENABLE_RESOURCE_ACCESS_CONTACTS = NO;
				ENABLE_RESOURCE_ACCESS_LOCATION = NO;
				ENABLE_RESOURCE_ACCESS_PRINTING = NO;
				ENABLE_RESOURCE_ACCESS_USB = NO;
				ENABLE_USER_SELECTED_FILES = readwrite;
				GENERATE_INFOPLIST_FILE = YES;
				INFOPLIST_KEY_CFBundleDisplayName = Rentory;
				INFOPLIST_KEY_ITSAppUsesNonExemptEncryption = NO;
				INFOPLIST_KEY_LSApplicationCategoryType = "public.app-category.lifestyle";
				INFOPLIST_KEY_NSCalendarsFullAccessUsageDescription = "Rentory keeps your reminders in a dedicated 'Rentory reminders' calendar when you turn on calendar mirror in Settings. It only manages that one calendar — it never changes your other events — and stays on your device.";
				"INFOPLIST_KEY_NSCalendarsFullAccessUsageDescription[sdk=iphoneos*]" = "Rentory keeps your reminders in a dedicated 'Rentory reminders' calendar when you turn on calendar mirror in Settings. It only manages that one calendar — it never changes your other events — and stays on your device.";
				"INFOPLIST_KEY_NSCalendarsFullAccessUsageDescription[sdk=iphonesimulator*]" = "Rentory keeps your reminders in a dedicated 'Rentory reminders' calendar when you turn on calendar mirror in Settings. It only manages that one calendar — it never changes your other events — and stays on your device.";
				INFOPLIST_KEY_NSCameraUsageDescription = "Rentory needs camera access when you choose to take a photo for your rental record.";
				"INFOPLIST_KEY_NSCameraUsageDescription[sdk=iphoneos*]" = "Rentory needs camera access when you choose to take a photo for your rental record.";
				"INFOPLIST_KEY_NSCameraUsageDescription[sdk=iphonesimulator*]" = "Rentory needs camera access when you choose to take a photo for your rental record.";
				INFOPLIST_KEY_NSFaceIDUsageDescription = "Rentory uses Face ID when you choose to lock the app.";
				"INFOPLIST_KEY_NSFaceIDUsageDescription[sdk=iphoneos*]" = "Rentory uses Face ID when you choose to lock the app.";
				"INFOPLIST_KEY_NSFaceIDUsageDescription[sdk=iphonesimulator*]" = "Rentory uses Face ID when you choose to lock the app.";
				INFOPLIST_KEY_NSPhotoLibraryUsageDescription = "Rentory needs photo access when you choose a photo for your rental record.";
				"INFOPLIST_KEY_NSPhotoLibraryUsageDescription[sdk=iphoneos*]" = "Rentory needs photo access when you choose a photo for your rental record.";
				"INFOPLIST_KEY_NSPhotoLibraryUsageDescription[sdk=iphonesimulator*]" = "Rentory needs photo access when you choose a photo for your rental record.";
				"INFOPLIST_KEY_UIApplicationSceneManifest_Generation[sdk=iphoneos*]" = YES;
				"INFOPLIST_KEY_UIApplicationSceneManifest_Generation[sdk=iphonesimulator*]" = YES;
				"INFOPLIST_KEY_UIApplicationSupportsIndirectInputEvents[sdk=iphoneos*]" = YES;
				"INFOPLIST_KEY_UIApplicationSupportsIndirectInputEvents[sdk=iphonesimulator*]" = YES;
				"INFOPLIST_KEY_UILaunchScreen_Generation[sdk=iphoneos*]" = YES;
				"INFOPLIST_KEY_UILaunchScreen_Generation[sdk=iphonesimulator*]" = YES;
				"INFOPLIST_KEY_UIStatusBarStyle[sdk=iphoneos*]" = UIStatusBarStyleDefault;
				"INFOPLIST_KEY_UIStatusBarStyle[sdk=iphonesimulator*]" = UIStatusBarStyleDefault;
				INFOPLIST_KEY_UISupportedInterfaceOrientations_iPad = "UIInterfaceOrientationPortrait UIInterfaceOrientationPortraitUpsideDown UIInterfaceOrientationLandscapeLeft UIInterfaceOrientationLandscapeRight";
				INFOPLIST_KEY_UISupportedInterfaceOrientations_iPhone = UIInterfaceOrientationPortrait;
				IPHONEOS_DEPLOYMENT_TARGET = 26.0;
				LD_RUNPATH_SEARCH_PATHS = "@executable_path/Frameworks";
				"LD_RUNPATH_SEARCH_PATHS[sdk=macosx*]" = "@executable_path/../Frameworks";
				MACOSX_DEPLOYMENT_TARGET = 26.0;
				MARKETING_VERSION = 1.00;
				PRODUCT_BUNDLE_IDENTIFIER = "Fusion-Studios.Rentory";
				PRODUCT_NAME = "$(TARGET_NAME)";
				REGISTER_APP_GROUPS = YES;
				SDKROOT = auto;
				STRING_CATALOG_GENERATE_SYMBOLS = YES;
				SUPPORTED_PLATFORMS = "iphoneos iphonesimulator macosx xros xrsimulator";
				SWIFT_APPROACHABLE_CONCURRENCY = YES;
				SWIFT_DEFAULT_ACTOR_ISOLATION = MainActor;
				SWIFT_EMIT_LOC_STRINGS = YES;
				SWIFT_UPCOMING_FEATURE_MEMBER_IMPORT_VISIBILITY = YES;
				SWIFT_VERSION = 5.0;
				TARGETED_DEVICE_FAMILY = "1,2,7";
				XROS_DEPLOYMENT_TARGET = 26.0;
			};
			name = Release;
		};
		6691EBF52FA3DC06006FC53C /* Debug */ = {
			isa = XCBuildConfiguration;
			buildSettings = {
				BUNDLE_LOADER = "$(TEST_HOST)";
				CODE_SIGN_STYLE = Automatic;
				CURRENT_PROJECT_VERSION = 1;
				DEAD_CODE_STRIPPING = YES;
				DEVELOPMENT_TEAM = 8RUSX2C6R9;
				GENERATE_INFOPLIST_FILE = YES;
				IPHONEOS_DEPLOYMENT_TARGET = 26.0;
				MACOSX_DEPLOYMENT_TARGET = 26.0;
				MARKETING_VERSION = 1.00;
				PRODUCT_BUNDLE_IDENTIFIER = "Fusion-Studios.RentoryTests";
				PRODUCT_NAME = "$(TARGET_NAME)";
				SDKROOT = auto;
				STRING_CATALOG_GENERATE_SYMBOLS = NO;
				SUPPORTED_PLATFORMS = "iphoneos iphonesimulator macosx xros xrsimulator";
				SWIFT_APPROACHABLE_CONCURRENCY = YES;
				SWIFT_EMIT_LOC_STRINGS = NO;
				SWIFT_UPCOMING_FEATURE_MEMBER_IMPORT_VISIBILITY = YES;
				SWIFT_VERSION = 5.0;
				TARGETED_DEVICE_FAMILY = "1,2,7";
				TEST_HOST = "$(BUILT_PRODUCTS_DIR)/Rentory.app/$(BUNDLE_EXECUTABLE_FOLDER_PATH)/Rentory";
				XROS_DEPLOYMENT_TARGET = 26.0;
			};
			name = Debug;
		};
		6691EBF62FA3DC06006FC53C /* Release */ = {
			isa = XCBuildConfiguration;
			buildSettings = {
				BUNDLE_LOADER = "$(TEST_HOST)";
				CODE_SIGN_STYLE = Automatic;
				CURRENT_PROJECT_VERSION = 1;
				DEAD_CODE_STRIPPING = YES;
				DEVELOPMENT_TEAM = 8RUSX2C6R9;
				GENERATE_INFOPLIST_FILE = YES;
				IPHONEOS_DEPLOYMENT_TARGET = 26.0;
				MACOSX_DEPLOYMENT_TARGET = 26.0;
				MARKETING_VERSION = 1.00;
				PRODUCT_BUNDLE_IDENTIFIER = "Fusion-Studios.RentoryTests";
				PRODUCT_NAME = "$(TARGET_NAME)";
				SDKROOT = auto;
				STRING_CATALOG_GENERATE_SYMBOLS = NO;
				SUPPORTED_PLATFORMS = "iphoneos iphonesimulator macosx xros xrsimulator";
				SWIFT_APPROACHABLE_CONCURRENCY = YES;
				SWIFT_EMIT_LOC_STRINGS = NO;
				SWIFT_UPCOMING_FEATURE_MEMBER_IMPORT_VISIBILITY = YES;
				SWIFT_VERSION = 5.0;
				TARGETED_DEVICE_FAMILY = "1,2,7";
				TEST_HOST = "$(BUILT_PRODUCTS_DIR)/Rentory.app/$(BUNDLE_EXECUTABLE_FOLDER_PATH)/Rentory";
				XROS_DEPLOYMENT_TARGET = 26.0;
			};
			name = Release;
		};
		6691EBF82FA3DC06006FC53C /* Debug */ = {
			isa = XCBuildConfiguration;
			buildSettings = {
				CODE_SIGN_STYLE = Automatic;
				CURRENT_PROJECT_VERSION = 1;
				DEAD_CODE_STRIPPING = YES;
				DEVELOPMENT_TEAM = 8RUSX2C6R9;
				GENERATE_INFOPLIST_FILE = YES;
				IPHONEOS_DEPLOYMENT_TARGET = 26.0;
				MACOSX_DEPLOYMENT_TARGET = 26.0;
				MARKETING_VERSION = 1.00;
				PRODUCT_BUNDLE_IDENTIFIER = "Fusion-Studios.RentoryUITests";
				PRODUCT_NAME = "$(TARGET_NAME)";
				SDKROOT = auto;
				STRING_CATALOG_GENERATE_SYMBOLS = NO;
				SUPPORTED_PLATFORMS = "iphoneos iphonesimulator macosx xros xrsimulator";
				SWIFT_APPROACHABLE_CONCURRENCY = YES;
				SWIFT_EMIT_LOC_STRINGS = NO;
				SWIFT_UPCOMING_FEATURE_MEMBER_IMPORT_VISIBILITY = YES;
				SWIFT_VERSION = 5.0;
				TARGETED_DEVICE_FAMILY = "1,2,7";
				TEST_TARGET_NAME = Rentory;
				XROS_DEPLOYMENT_TARGET = 26.0;
			};
			name = Debug;
		};
		6691EBF92FA3DC06006FC53C /* Release */ = {
			isa = XCBuildConfiguration;
			buildSettings = {
				CODE_SIGN_STYLE = Automatic;
				CURRENT_PROJECT_VERSION = 1;
				DEAD_CODE_STRIPPING = YES;
				DEVELOPMENT_TEAM = 8RUSX2C6R9;
				GENERATE_INFOPLIST_FILE = YES;
				IPHONEOS_DEPLOYMENT_TARGET = 26.0;
				MACOSX_DEPLOYMENT_TARGET = 26.0;
				MARKETING_VERSION = 1.00;
				PRODUCT_BUNDLE_IDENTIFIER = "Fusion-Studios.RentoryUITests";
				PRODUCT_NAME = "$(TARGET_NAME)";
				SDKROOT = auto;
				STRING_CATALOG_GENERATE_SYMBOLS = NO;
				SUPPORTED_PLATFORMS = "iphoneos iphonesimulator macosx xros xrsimulator";
				SWIFT_APPROACHABLE_CONCURRENCY = YES;
				SWIFT_EMIT_LOC_STRINGS = NO;
				SWIFT_UPCOMING_FEATURE_MEMBER_IMPORT_VISIBILITY = YES;
				SWIFT_VERSION = 5.0;
				TARGETED_DEVICE_FAMILY = "1,2,7";
				TEST_TARGET_NAME = Rentory;
				XROS_DEPLOYMENT_TARGET = 26.0;
			};
			name = Release;
		};
		77AABB01010000000000000B /* Debug */ = {
			isa = XCBuildConfiguration;
			buildSettings = {
				CODE_SIGN_ENTITLEMENTS = RentoryWidgets/RentoryWidgets.entitlements;
				CODE_SIGN_STYLE = Automatic;
				CURRENT_PROJECT_VERSION = 1;
				DEAD_CODE_STRIPPING = YES;
				DEVELOPMENT_TEAM = 8RUSX2C6R9;
				GENERATE_INFOPLIST_FILE = YES;
				INFOPLIST_FILE = RentoryWidgets/Info.plist;
				INFOPLIST_KEY_CFBundleDisplayName = "Rentory Widgets";
				INFOPLIST_KEY_NSHumanReadableCopyright = "";
				IPHONEOS_DEPLOYMENT_TARGET = 26.0;
				LD_RUNPATH_SEARCH_PATHS = (
					"$(inherited)",
					"@executable_path/Frameworks",
					"@executable_path/../../Frameworks",
				);
				MACOSX_DEPLOYMENT_TARGET = 26.0;
				MARKETING_VERSION = 1.00;
				PRODUCT_BUNDLE_IDENTIFIER = "Fusion-Studios.Rentory.RentoryWidgets";
				PRODUCT_NAME = "$(TARGET_NAME)";
				REGISTER_APP_GROUPS = YES;
				SDKROOT = auto;
				SKIP_INSTALL = YES;
				SUPPORTED_PLATFORMS = "iphoneos iphonesimulator macosx xros xrsimulator";
				SWIFT_APPROACHABLE_CONCURRENCY = YES;
				SWIFT_DEFAULT_ACTOR_ISOLATION = MainActor;
				SWIFT_EMIT_LOC_STRINGS = YES;
				SWIFT_UPCOMING_FEATURE_MEMBER_IMPORT_VISIBILITY = YES;
				SWIFT_VERSION = 5.0;
				TARGETED_DEVICE_FAMILY = "1,2";
				XROS_DEPLOYMENT_TARGET = 26.0;
			};
			name = Debug;
		};
		77AABB01010000000000000C /* Release */ = {
			isa = XCBuildConfiguration;
			buildSettings = {
				CODE_SIGN_ENTITLEMENTS = RentoryWidgets/RentoryWidgets.entitlements;
				CODE_SIGN_STYLE = Automatic;
				CURRENT_PROJECT_VERSION = 1;
				DEAD_CODE_STRIPPING = YES;
				DEVELOPMENT_TEAM = 8RUSX2C6R9;
				GENERATE_INFOPLIST_FILE = YES;
				INFOPLIST_FILE = RentoryWidgets/Info.plist;
				INFOPLIST_KEY_CFBundleDisplayName = "Rentory Widgets";
				INFOPLIST_KEY_NSHumanReadableCopyright = "";
				IPHONEOS_DEPLOYMENT_TARGET = 26.0;
				LD_RUNPATH_SEARCH_PATHS = (
					"$(inherited)",
					"@executable_path/Frameworks",
					"@executable_path/../../Frameworks",
				);
				MACOSX_DEPLOYMENT_TARGET = 26.0;
				MARKETING_VERSION = 1.00;
				PRODUCT_BUNDLE_IDENTIFIER = "Fusion-Studios.Rentory.RentoryWidgets";
				PRODUCT_NAME = "$(TARGET_NAME)";
				REGISTER_APP_GROUPS = YES;
				SDKROOT = auto;
				SKIP_INSTALL = YES;
				SUPPORTED_PLATFORMS = "iphoneos iphonesimulator macosx xros xrsimulator";
				SWIFT_APPROACHABLE_CONCURRENCY = YES;
				SWIFT_DEFAULT_ACTOR_ISOLATION = MainActor;
				SWIFT_EMIT_LOC_STRINGS = YES;
				SWIFT_UPCOMING_FEATURE_MEMBER_IMPORT_VISIBILITY = YES;
				SWIFT_VERSION = 5.0;
				TARGETED_DEVICE_FAMILY = "1,2";
				XROS_DEPLOYMENT_TARGET = 26.0;
			};
			name = Release;
		};
		88BBCC02020000000000000B /* Debug */ = {
			isa = XCBuildConfiguration;
			buildSettings = {
				ASSETCATALOG_COMPILER_APPICON_NAME = "Rentory App Icon";
				ASSETCATALOG_COMPILER_INCLUDE_ALL_APPICON_ASSETS = YES;
				CODE_SIGN_ENTITLEMENTS = RentoryWatch/RentoryWatch.entitlements;
				CODE_SIGN_STYLE = Automatic;
				CURRENT_PROJECT_VERSION = 1;
				DEAD_CODE_STRIPPING = YES;
				DEVELOPMENT_TEAM = 8RUSX2C6R9;
				ENABLE_PREVIEWS = YES;
				GENERATE_INFOPLIST_FILE = YES;
				INFOPLIST_FILE = RentoryWatch/Info.plist;
				INFOPLIST_KEY_CFBundleDisplayName = Rentory;
				INFOPLIST_KEY_CFBundleIconName = "Rentory App Icon";
				INFOPLIST_KEY_NSHumanReadableCopyright = "";
				LD_RUNPATH_SEARCH_PATHS = (
					"$(inherited)",
					"@executable_path/Frameworks",
				);
				MARKETING_VERSION = 1.00;
				PRODUCT_BUNDLE_IDENTIFIER = "Fusion-Studios.Rentory.watchkitapp";
				PRODUCT_NAME = "$(TARGET_NAME)";
				SDKROOT = watchos;
				SKIP_INSTALL = YES;
				SUPPORTED_PLATFORMS = "watchos watchsimulator";
				SWIFT_APPROACHABLE_CONCURRENCY = YES;
				SWIFT_DEFAULT_ACTOR_ISOLATION = MainActor;
				SWIFT_EMIT_LOC_STRINGS = YES;
				SWIFT_UPCOMING_FEATURE_MEMBER_IMPORT_VISIBILITY = YES;
				SWIFT_VERSION = 5.0;
				TARGETED_DEVICE_FAMILY = 4;
				WATCHOS_DEPLOYMENT_TARGET = 11.6;
			};
			name = Debug;
		};
		88BBCC02020000000000000C /* Release */ = {
			isa = XCBuildConfiguration;
			buildSettings = {
				ASSETCATALOG_COMPILER_APPICON_NAME = "Rentory App Icon";
				ASSETCATALOG_COMPILER_INCLUDE_ALL_APPICON_ASSETS = YES;
				CODE_SIGN_ENTITLEMENTS = RentoryWatch/RentoryWatch.entitlements;
				CODE_SIGN_STYLE = Automatic;
				CURRENT_PROJECT_VERSION = 1;
				DEAD_CODE_STRIPPING = YES;
				DEVELOPMENT_TEAM = 8RUSX2C6R9;
				ENABLE_PREVIEWS = YES;
				GENERATE_INFOPLIST_FILE = YES;
				INFOPLIST_FILE = RentoryWatch/Info.plist;
				INFOPLIST_KEY_CFBundleDisplayName = Rentory;
				INFOPLIST_KEY_CFBundleIconName = "Rentory App Icon";
				INFOPLIST_KEY_NSHumanReadableCopyright = "";
				LD_RUNPATH_SEARCH_PATHS = (
					"$(inherited)",
					"@executable_path/Frameworks",
				);
				MARKETING_VERSION = 1.00;
				PRODUCT_BUNDLE_IDENTIFIER = "Fusion-Studios.Rentory.watchkitapp";
				PRODUCT_NAME = "$(TARGET_NAME)";
				SDKROOT = watchos;
				SKIP_INSTALL = YES;
				SUPPORTED_PLATFORMS = "watchos watchsimulator";
				SWIFT_APPROACHABLE_CONCURRENCY = YES;
				SWIFT_DEFAULT_ACTOR_ISOLATION = MainActor;
				SWIFT_EMIT_LOC_STRINGS = YES;
				SWIFT_UPCOMING_FEATURE_MEMBER_IMPORT_VISIBILITY = YES;
				SWIFT_VERSION = 5.0;
				TARGETED_DEVICE_FAMILY = 4;
				WATCHOS_DEPLOYMENT_TARGET = 11.6;
			};
			name = Release;
		};
		99CCDD03030000000000000B /* Debug */ = {
			isa = XCBuildConfiguration;
			buildSettings = {
				CODE_SIGN_ENTITLEMENTS = RentoryWatchComplications/RentoryWatchComplications.entitlements;
				CODE_SIGN_STYLE = Automatic;
				CURRENT_PROJECT_VERSION = 1;
				DEAD_CODE_STRIPPING = YES;
				DEVELOPMENT_TEAM = 8RUSX2C6R9;
				GENERATE_INFOPLIST_FILE = YES;
				INFOPLIST_FILE = RentoryWatchComplications/Info.plist;
				INFOPLIST_KEY_CFBundleDisplayName = "Rentory Complications";
				INFOPLIST_KEY_NSHumanReadableCopyright = "";
				LD_RUNPATH_SEARCH_PATHS = (
					"$(inherited)",
					"@executable_path/Frameworks",
					"@executable_path/../../Frameworks",
				);
				MARKETING_VERSION = 1.00;
				PRODUCT_BUNDLE_IDENTIFIER = "Fusion-Studios.Rentory.watchkitapp.complications";
				PRODUCT_NAME = "$(TARGET_NAME)";
				SDKROOT = watchos;
				SKIP_INSTALL = YES;
				SUPPORTED_PLATFORMS = "watchos watchsimulator";
				SWIFT_APPROACHABLE_CONCURRENCY = YES;
				SWIFT_DEFAULT_ACTOR_ISOLATION = MainActor;
				SWIFT_EMIT_LOC_STRINGS = YES;
				SWIFT_UPCOMING_FEATURE_MEMBER_IMPORT_VISIBILITY = YES;
				SWIFT_VERSION = 5.0;
				TARGETED_DEVICE_FAMILY = 4;
				WATCHOS_DEPLOYMENT_TARGET = 11.0;
			};
			name = Debug;
		};
		99CCDD03030000000000000C /* Release */ = {
			isa = XCBuildConfiguration;
			buildSettings = {
				CODE_SIGN_ENTITLEMENTS = RentoryWatchComplications/RentoryWatchComplications.entitlements;
				CODE_SIGN_STYLE = Automatic;
				CURRENT_PROJECT_VERSION = 1;
				DEAD_CODE_STRIPPING = YES;
				DEVELOPMENT_TEAM = 8RUSX2C6R9;
				GENERATE_INFOPLIST_FILE = YES;
				INFOPLIST_FILE = RentoryWatchComplications/Info.plist;
				INFOPLIST_KEY_CFBundleDisplayName = "Rentory Complications";
				INFOPLIST_KEY_NSHumanReadableCopyright = "";
				LD_RUNPATH_SEARCH_PATHS = (
					"$(inherited)",
					"@executable_path/Frameworks",
					"@executable_path/../../Frameworks",
				);
				MARKETING_VERSION = 1.00;
				PRODUCT_BUNDLE_IDENTIFIER = "Fusion-Studios.Rentory.watchkitapp.complications";
				PRODUCT_NAME = "$(TARGET_NAME)";
				SDKROOT = watchos;
				SKIP_INSTALL = YES;
				SUPPORTED_PLATFORMS = "watchos watchsimulator";
				SWIFT_APPROACHABLE_CONCURRENCY = YES;
				SWIFT_DEFAULT_ACTOR_ISOLATION = MainActor;
				SWIFT_EMIT_LOC_STRINGS = YES;
				SWIFT_UPCOMING_FEATURE_MEMBER_IMPORT_VISIBILITY = YES;
				SWIFT_VERSION = 5.0;
				TARGETED_DEVICE_FAMILY = 4;
				WATCHOS_DEPLOYMENT_TARGET = 11.0;
			};
			name = Release;
		};
/* End XCBuildConfiguration section */

/* Begin XCConfigurationList section */
		6691EBC92FA3DC04006FC53C /* Build configuration list for PBXProject "Rentory" */ = {
			isa = XCConfigurationList;
			buildConfigurations = (
				6691EBEF2FA3DC06006FC53C /* Debug */,
				6691EBF02FA3DC06006FC53C /* Release */,
			);
			defaultConfigurationIsVisible = 0;
			defaultConfigurationName = Release;
		};
		6691EBF12FA3DC06006FC53C /* Build configuration list for PBXNativeTarget "Rentory" */ = {
			isa = XCConfigurationList;
			buildConfigurations = (
				6691EBF22FA3DC06006FC53C /* Debug */,
				6691EBF32FA3DC06006FC53C /* Release */,
			);
			defaultConfigurationIsVisible = 0;
			defaultConfigurationName = Release;
		};
		6691EBF42FA3DC06006FC53C /* Build configuration list for PBXNativeTarget "RentoryTests" */ = {
			isa = XCConfigurationList;
			buildConfigurations = (
				6691EBF52FA3DC06006FC53C /* Debug */,
				6691EBF62FA3DC06006FC53C /* Release */,
			);
			defaultConfigurationIsVisible = 0;
			defaultConfigurationName = Release;
		};
		6691EBF72FA3DC06006FC53C /* Build configuration list for PBXNativeTarget "RentoryUITests" */ = {
			isa = XCConfigurationList;
			buildConfigurations = (
				6691EBF82FA3DC06006FC53C /* Debug */,
				6691EBF92FA3DC06006FC53C /* Release */,
			);
			defaultConfigurationIsVisible = 0;
			defaultConfigurationName = Release;
		};
		77AABB01010000000000000D /* Build configuration list for PBXNativeTarget "RentoryWidgets" */ = {
			isa = XCConfigurationList;
			buildConfigurations = (
				77AABB01010000000000000B /* Debug */,
				77AABB01010000000000000C /* Release */,
			);
			defaultConfigurationIsVisible = 0;
			defaultConfigurationName = Release;
		};
		88BBCC02020000000000000D /* Build configuration list for PBXNativeTarget "RentoryWatch" */ = {
			isa = XCConfigurationList;
			buildConfigurations = (
				88BBCC02020000000000000B /* Debug */,
				88BBCC02020000000000000C /* Release */,
			);
			defaultConfigurationIsVisible = 0;
			defaultConfigurationName = Release;
		};
		99CCDD03030000000000000D /* Build configuration list for PBXNativeTarget "RentoryWatchComplications" */ = {
			isa = XCConfigurationList;
			buildConfigurations = (
				99CCDD03030000000000000B /* Debug */,
				99CCDD03030000000000000C /* Release */,
			);
			defaultConfigurationIsVisible = 0;
			defaultConfigurationName = Release;
		};
/* End XCConfigurationList section */
	};
	rootObject = 6691EBC62FA3DC04006FC53C /* Project object */;
}
